
Microsoft Visual Studio Solution File, Format Version 12.00
# Visual Studio Version 16
VisualStudioVersion = 16.0.30330.147
MinimumVisualStudioVersion = 10.0.40219.1
Project("{FAE04EC0-301F-11D3-BF4B-00C04F79EFBC}") = "DailyCodingLanguagesApp.Android", "DailyCodingLanguagesApp.Android\DailyCodingLanguagesApp.Android.csproj", "{A7A068AE-DCE3-4D06-9FC5-DFE5DAAB9EF4}"
EndProject
Project("{FAE04EC0-301F-11D3-BF4B-00C04F79EFBC}") = "DailyCodingLanguagesApp.iOS", "DailyCodingLanguagesApp.iOS\DailyCodingLanguagesApp.iOS.csproj", "{5A0511FA-5532-492F-8842-463682985622}"
EndProject
Project("{9A19103F-16F7-4668-BE54-9A1E7A4F7556}") = "DailyCodingLanguagesApp", "DailyCodingLanguagesApp\DailyCodingLanguagesApp.csproj", "{4086B6FC-D12E-4288-ACC1-F0FE7909EB3A}"
EndProject
Project("{FAE04EC0-301F-11D3-BF4B-00C04F79EFBC}") = "UnitTests", "UnitTests\UnitTests.csproj", "{E849C27A-7B41-4F74-ADB3-C02D98B79E0C}"
EndProject
Global
	GlobalSection(SolutionConfigurationPlatforms) = preSolution
		Debug|Any CPU = Debug|Any CPU
		Debug|iPhone = Debug|iPhone
		Debug|iPhoneSimulator = Debug|iPhoneSimulator
		Release|Any CPU = Release|Any CPU
		Release|iPhone = Release|iPhone
		Release|iPhoneSimulator = Release|iPhoneSimulator
	EndGlobalSection
	GlobalSection(ProjectConfigurationPlatforms) = postSolution
		{A7A068AE-DCE3-4D06-9FC5-DFE5DAAB9EF4}.Debug|Any CPU.ActiveCfg = Debug|Any CPU
		{A7A068AE-DCE3-4D06-9FC5-DFE5DAAB9EF4}.Debug|Any CPU.Build.0 = Debug|Any CPU
		{A7A068AE-DCE3-4D06-9FC5-DFE5DAAB9EF4}.Debug|Any CPU.Deploy.0 = Debug|Any CPU
		{A7A068AE-DCE3-4D06-9FC5-DFE5DAAB9EF4}.Debug|iPhone.ActiveCfg = Debug|Any CPU
		{A7A068AE-DCE3-4D06-9FC5-DFE5DAAB9EF4}.Debug|iPhone.Build.0 = Debug|Any CPU
		{A7A068AE-DCE3-4D06-9FC5-DFE5DAAB9EF4}.Debug|iPhone.Deploy.0 = Debug|Any CPU
		{A7A068AE-DCE3-4D06-9FC5-DFE5DAAB9EF4}.Debug|iPhoneSimulator.ActiveCfg = Debug|Any CPU
		{A7A068AE-DCE3-4D06-9FC5-DFE5DAAB9EF4}.Debug|iPhoneSimulator.Build.0 = Debug|Any CPU
		{A7A068AE-DCE3-4D06-9FC5-DFE5DAAB9EF4}.Debug|iPhoneSimulator.Deploy.0 = Debug|Any CPU
		{A7A068AE-DCE3-4D06-9FC5-DFE5DAAB9EF4}.Release|Any CPU.ActiveCfg = Release|Any CPU
		{A7A068AE-DCE3-4D06-9FC5-DFE5DAAB9EF4}.Release|Any CPU.Build.0 = Release|Any CPU
		{A7A068AE-DCE3-4D06-9FC5-DFE5DAAB9EF4}.Release|Any CPU.Deploy.0 = Release|Any CPU
		{A7A068AE-DCE3-4D06-9FC5-DFE5DAAB9EF4}.Release|iPhone.ActiveCfg = Release|Any CPU
		{A7A068AE-DCE3-4D06-9FC5-DFE5DAAB9EF4}.Release|iPhone.Build.0 = Release|Any CPU
		{A7A068AE-DCE3-4D06-9FC5-DFE5DAAB9EF4}.Release|iPhone.Deploy.0 = Release|Any CPU
		{A7A068AE-DCE3-4D06-9FC5-DFE5DAAB9EF4}.Release|iPhoneSimulator.ActiveCfg = Release|Any CPU
		{A7A068AE-DCE3-4D06-9FC5-DFE5DAAB9EF4}.Release|iPhoneSimulator.Build.0 = Release|Any CPU
		{A7A068AE-DCE3-4D06-9FC5-DFE5DAAB9EF4}.Release|iPhoneSimulator.Deploy.0 = Release|Any CPU
		{5A0511FA-5532-492F-8842-463682985622}.Debug|Any CPU.ActiveCfg = Debug|iPhone
		{5A0511FA-5532-492F-8842-463682985622}.Debug|Any CPU.Build.0 = Debug|iPhone
		{5A0511FA-5532-492F-8842-463682985622}.Debug|Any CPU.Deploy.0 = Debug|iPhone
		{5A0511FA-5532-492F-8842-463682985622}.Debug|iPhone.ActiveCfg = Debug|iPhone
		{5A0511FA-5532-492F-8842-463682985622}.Debug|iPhone.Build.0 = Debug|iPhone
		{5A0511FA-5532-492F-8842-463682985622}.Debug|iPhone.Deploy.0 = Debug|iPhone
		{5A0511FA-5532-492F-8842-463682985622}.Debug|iPhoneSimulator.ActiveCfg = Debug|iPhoneSimulator
		{5A0511FA-5532-492F-8842-463682985622}.Debug|iPhoneSimulator.Build.0 = Debug|iPhoneSimulator
		{5A0511FA-5532-492F-8842-463682985622}.Debug|iPhoneSimulator.Deploy.0 = Debug|iPhoneSimulator
		{5A0511FA-5532-492F-8842-463682985622}.Release|Any CPU.ActiveCfg = Release|iPhone
		{5A0511FA-5532-492F-8842-463682985622}.Release|Any CPU.Build.0 = Release|iPhone
		{5A0511FA-5532-492F-8842-463682985622}.Release|Any CPU.Deploy.0 = Release|iPhone
		{5A0511FA-5532-492F-8842-463682985622}.Release|iPhone.ActiveCfg = Release|iPhone
		{5A0511FA-5532-492F-8842-463682985622}.Release|iPhone.Build.0 = Release|iPhone
		{5A0511FA-5532-492F-8842-463682985622}.Release|iPhone.Deploy.0 = Release|iPhone
		{5A0511FA-5532-492F-8842-463682985622}.Release|iPhoneSimulator.ActiveCfg = Release|iPhoneSimulator
		{5A0511FA-5532-492F-8842-463682985622}.Release|iPhoneSimulator.Build.0 = Release|iPhoneSimulator
		{5A0511FA-5532-492F-8842-463682985622}.Release|iPhoneSimulator.Deploy.0 = Release|iPhoneSimulator
		{4086B6FC-D12E-4288-ACC1-F0FE7909EB3A}.Debug|Any CPU.ActiveCfg = Debug|Any CPU
		{4086B6FC-D12E-4288-ACC1-F0FE7909EB3A}.Debug|Any CPU.Build.0 = Debug|Any CPU
		{4086B6FC-D12E-4288-ACC1-F0FE7909EB3A}.Debug|Any CPU.Deploy.0 = Debug|Any CPU
		{4086B6FC-D12E-4288-ACC1-F0FE7909EB3A}.Debug|iPhone.ActiveCfg = Debug|Any CPU
		{4086B6FC-D12E-4288-ACC1-F0FE7909EB3A}.Debug|iPhone.Build.0 = Debug|Any CPU
		{4086B6FC-D12E-4288-ACC1-F0FE7909EB3A}.Debug|iPhone.Deploy.0 = Debug|Any CPU
		{4086B6FC-D12E-4288-ACC1-F0FE7909EB3A}.Debug|iPhoneSimulator.ActiveCfg = Debug|Any CPU
		{4086B6FC-D12E-4288-ACC1-F0FE7909EB3A}.Debug|iPhoneSimulator.Build.0 = Debug|Any CPU
		{4086B6FC-D12E-4288-ACC1-F0FE7909EB3A}.Debug|iPhoneSimulator.Deploy.0 = Debug|Any CPU
		{4086B6FC-D12E-4288-ACC1-F0FE7909EB3A}.Release|Any CPU.ActiveCfg = Release|Any CPU
		{4086B6FC-D12E-4288-ACC1-F0FE7909EB3A}.Release|Any CPU.Build.0 = Release|Any CPU
		{4086B6FC-D12E-4288-ACC1-F0FE7909EB3A}.Release|Any CPU.Deploy.0 = Release|Any CPU
		{4086B6FC-D12E-4288-ACC1-F0FE7909EB3A}.Release|iPhone.ActiveCfg = Release|Any CPU
		{4086B6FC-D12E-4288-ACC1-F0FE7909EB3A}.Release|iPhone.Build.0 = Release|Any CPU
		{4086B6FC-D12E-4288-ACC1-F0FE7909EB3A}.Release|iPhone.Deploy.0 = Release|Any CPU
		{4086B6FC-D12E-4288-ACC1-F0FE7909EB3A}.Release|iPhoneSimulator.ActiveCfg = Release|Any CPU
		{4086B6FC-D12E-4288-ACC1-F0FE7909EB3A}.Release|iPhoneSimulator.Build.0 = Release|Any CPU
		{4086B6FC-D12E-4288-ACC1-F0FE7909EB3A}.Release|iPhoneSimulator.Deploy.0 = Release|Any CPU
		{E849C27A-7B41-4F74-ADB3-C02D98B79E0C}.Debug|Any CPU.ActiveCfg = Debug|Any CPU
		{E849C27A-7B41-4F74-ADB3-C02D98B79E0C}.Debug|Any CPU.Build.0 = Debug|Any CPU
		{E849C27A-7B41-4F74-ADB3-C02D98B79E0C}.Debug|iPhone.ActiveCfg = Debug|Any CPU
		{E849C27A-7B41-4F74-ADB3-C02D98B79E0C}.Debug|iPhone.Build.0 = Debug|Any CPU
		{E849C27A-7B41-4F74-ADB3-C02D98B79E0C}.Debug|iPhoneSimulator.ActiveCfg = Debug|Any CPU
		{E849C27A-7B41-4F74-ADB3-C02D98B79E0C}.Debug|iPhoneSimulator.Build.0 = Debug|Any CPU
		{E849C27A-7B41-4F74-ADB3-C02D98B79E0C}.Release|Any CPU.ActiveCfg = Release|Any CPU
		{E849C27A-7B41-4F74-ADB3-C02D98B79E0C}.Release|Any CPU.Build.0 = Release|Any CPU
		{E849C27A-7B41-4F74-ADB3-C02D98B79E0C}.Release|iPhone.ActiveCfg = Release|Any CPU
		{E849C27A-7B41-4F74-ADB3-C02D98B79E0C}.Release|iPhone.Build.0 = Release|Any CPU
		{E849C27A-7B41-4F74-ADB3-C02D98B79E0C}.Release|iPhoneSimulator.ActiveCfg = Release|Any CPU
		{E849C27A-7B41-4F74-ADB3-C02D98B79E0C}.Release|iPhoneSimulator.Build.0 = Release|Any CPU
	EndGlobalSection
	GlobalSection(SolutionProperties) = preSolution
		HideSolutionNode = FALSE
	EndGlobalSection
	GlobalSection(ExtensibilityGlobals) = postSolution
		SolutionGuid = {FB1930C1-4323-4D01-890E-50246E635D25}
	EndGlobalSection
EndGlobal
